
Microsoft Visual Studio Solution File, Format Version 12.00
# Visual Studio Version 17
VisualStudioVersion = 17.14.36203.30
MinimumVisualStudioVersion = 10.0.40219.1
Project("{2150E333-8FDC-42A3-9474-1A3956D46DE8}") = "Solution Items", "Solution Items", "{02EA681E-C7D8-13C7-8484-4AC65E1B71E8}"
	ProjectSection(SolutionItems) = preProject
		.editorconfig = .editorconfig
	EndProjectSection
EndProject
Project("{2150E333-8FDC-42A3-9474-1A3956D46DE8}") = "src", "src", "{FEE3C0E2-78A3-4E44-92EC-4943D198070F}"
EndProject
Project("{2150E333-8FDC-42A3-9474-1A3956D46DE8}") = "test", "test", "{BED861B3-6999-420F-AE50-627B0BE46C14}"
EndProject
Project("{FAE04EC0-301F-11D3-BF4B-00C04F79EFBC}") = "Domain", "Domain\Domain.csproj", "{5DD50F09-CE7D-4C1E-89EE-4E5FC906DE47}"
EndProject
Project("{FAE04EC0-301F-11D3-BF4B-00C04F79EFBC}") = "Application", "Application\Application.csproj", "{7E9EBCFF-A8ED-485E-BD8A-F01FF914C54F}"
EndProject
Project("{FAE04EC0-301F-11D3-BF4B-00C04F79EFBC}") = "Persistence", "Persistence\Persistence.csproj", "{81013B2B-F474-4764-83FA-BAF676AEC040}"
EndProject
Project("{FAE04EC0-301F-11D3-BF4B-00C04F79EFBC}") = "Infrastructure", "Infrastructure\Infrastructure.csproj", "{601F0238-F059-4DB4-8450-EDDD59766BF5}"
EndProject
Project("{FAE04EC0-301F-11D3-BF4B-00C04F79EFBC}") = "Web.Api", "Web.Api\Web.Api.csproj", "{2327F798-03DB-4F2F-865F-4B0340768AEF}"
EndProject
Global
	GlobalSection(SolutionConfigurationPlatforms) = preSolution
		Debug|Any CPU = Debug|Any CPU
		Release|Any CPU = Release|Any CPU
	EndGlobalSection
	GlobalSection(ProjectConfigurationPlatforms) = postSolution
		{5DD50F09-CE7D-4C1E-89EE-4E5FC906DE47}.Debug|Any CPU.ActiveCfg = Debug|Any CPU
		{5DD50F09-CE7D-4C1E-89EE-4E5FC906DE47}.Debug|Any CPU.Build.0 = Debug|Any CPU
		{5DD50F09-CE7D-4C1E-89EE-4E5FC906DE47}.Release|Any CPU.ActiveCfg = Release|Any CPU
		{5DD50F09-CE7D-4C1E-89EE-4E5FC906DE47}.Release|Any CPU.Build.0 = Release|Any CPU
		{7E9EBCFF-A8ED-485E-BD8A-F01FF914C54F}.Debug|Any CPU.ActiveCfg = Debug|Any CPU
		{7E9EBCFF-A8ED-485E-BD8A-F01FF914C54F}.Debug|Any CPU.Build.0 = Debug|Any CPU
		{7E9EBCFF-A8ED-485E-BD8A-F01FF914C54F}.Release|Any CPU.ActiveCfg = Release|Any CPU
		{7E9EBCFF-A8ED-485E-BD8A-F01FF914C54F}.Release|Any CPU.Build.0 = Release|Any CPU
		{81013B2B-F474-4764-83FA-BAF676AEC040}.Debug|Any CPU.ActiveCfg = Debug|Any CPU
		{81013B2B-F474-4764-83FA-BAF676AEC040}.Debug|Any CPU.Build.0 = Debug|Any CPU
		{81013B2B-F474-4764-83FA-BAF676AEC040}.Release|Any CPU.ActiveCfg = Release|Any CPU
		{81013B2B-F474-4764-83FA-BAF676AEC040}.Release|Any CPU.Build.0 = Release|Any CPU
		{601F0238-F059-4DB4-8450-EDDD59766BF5}.Debug|Any CPU.ActiveCfg = Debug|Any CPU
		{601F0238-F059-4DB4-8450-EDDD59766BF5}.Debug|Any CPU.Build.0 = Debug|Any CPU
		{601F0238-F059-4DB4-8450-EDDD59766BF5}.Release|Any CPU.ActiveCfg = Release|Any CPU
		{601F0238-F059-4DB4-8450-EDDD59766BF5}.Release|Any CPU.Build.0 = Release|Any CPU
		{2327F798-03DB-4F2F-865F-4B0340768AEF}.Debug|Any CPU.ActiveCfg = Debug|Any CPU
		{2327F798-03DB-4F2F-865F-4B0340768AEF}.Debug|Any CPU.Build.0 = Debug|Any CPU
		{2327F798-03DB-4F2F-865F-4B0340768AEF}.Release|Any CPU.ActiveCfg = Release|Any CPU
		{2327F798-03DB-4F2F-865F-4B0340768AEF}.Release|Any CPU.Build.0 = Release|Any CPU
	EndGlobalSection
	GlobalSection(SolutionProperties) = preSolution
		HideSolutionNode = FALSE
	EndGlobalSection
	GlobalSection(NestedProjects) = preSolution
		{5DD50F09-CE7D-4C1E-89EE-4E5FC906DE47} = {FEE3C0E2-78A3-4E44-92EC-4943D198070F}
		{7E9EBCFF-A8ED-485E-BD8A-F01FF914C54F} = {FEE3C0E2-78A3-4E44-92EC-4943D198070F}
		{81013B2B-F474-4764-83FA-BAF676AEC040} = {FEE3C0E2-78A3-4E44-92EC-4943D198070F}
		{601F0238-F059-4DB4-8450-EDDD59766BF5} = {FEE3C0E2-78A3-4E44-92EC-4943D198070F}
		{2327F798-03DB-4F2F-865F-4B0340768AEF} = {FEE3C0E2-78A3-4E44-92EC-4943D198070F}
	EndGlobalSection
	GlobalSection(ExtensibilityGlobals) = postSolution
		SolutionGuid = {27DE74C7-EA01-4795-B73C-58EDB4AAD343}
	EndGlobalSection
EndGlobal
